
Microsoft Visual Studio Solution File, Format Version 12.00
# Visual Studio Version 16
VisualStudioVersion = 16.0.29806.167
MinimumVisualStudioVersion = 10.0.40219.1
Project("{FAE04EC0-301F-11D3-BF4B-00C04F79EFBC}") = "assignmentOne", "assignmentOne\assignmentOne.csproj", "{08086CA5-D01D-4D59-9ADB-15A48B202B81}"
EndProject
Global
	GlobalSection(SolutionConfigurationPlatforms) = preSolution
		Debug|Any CPU = Debug|Any CPU
		Release|Any CPU = Release|Any CPU
	EndGlobalSection
	GlobalSection(ProjectConfigurationPlatforms) = postSolution
		{08086CA5-D01D-4D59-9ADB-15A48B202B81}.Debug|Any CPU.ActiveCfg = Debug|Any CPU
		{08086CA5-D01D-4D59-9ADB-15A48B202B81}.Debug|Any CPU.Build.0 = Debug|Any CPU
		{08086CA5-D01D-4D59-9ADB-15A48B202B81}.Release|Any CPU.ActiveCfg = Release|Any CPU
		{08086CA5-D01D-4D59-9ADB-15A48B202B81}.Release|Any CPU.Build.0 = Release|Any CPU
	EndGlobalSection
	GlobalSection(SolutionProperties) = preSolution
		HideSolutionNode = FALSE
	EndGlobalSection
	GlobalSection(ExtensibilityGlobals) = postSolution
		SolutionGuid = {1A9CEC1B-D5E7-4B9D-AF5F-3050632F376B}
	EndGlobalSection
EndGlobal
